
Microsoft Visual Studio Solution File, Format Version 12.00
# Visual Studio Version 16
VisualStudioVersion = 16.0.28803.452
MinimumVisualStudioVersion = 15.0.26124.0
Project("{9A19103F-16F7-4668-BE54-9A1E7A4F7556}") = "quotable.core", "quotable.core\quotable.core.csproj", "{0E186DBA-AD8E-40C9-B98F-0F025DEF5351}"
EndProject
Project("{9A19103F-16F7-4668-BE54-9A1E7A4F7556}") = "quotable.console", "quotable.console\quotable.console.csproj", "{77650CF7-E112-4BC7-853E-C0C69855283A}"
EndProject
Project("{9A19103F-16F7-4668-BE54-9A1E7A4F7556}") = "quotable.api", "quotable.api\quotable.api.csproj", "{99C20C52-238F-4D72-80DD-B205BDA0BE9B}"
EndProject
Project("{FAE04EC0-301F-11D3-BF4B-00C04F79EFBC}") = "quotable.api.test", "quotable.api.test\quotable.api.test.csproj", "{7498FF29-E629-44D3-9D85-74880A14FE38}"
EndProject
Project("{FAE04EC0-301F-11D3-BF4B-00C04F79EFBC}") = "quotable.core.test", "quotable.core.test\quotable.core.test.csproj", "{D7CEE8C0-28FD-45F6-8EC2-8DF8EE755C08}"
EndProject
Global
	GlobalSection(SolutionConfigurationPlatforms) = preSolution
		Debug|Any CPU = Debug|Any CPU
		Debug|x64 = Debug|x64
		Debug|x86 = Debug|x86
		Release|Any CPU = Release|Any CPU
		Release|x64 = Release|x64
		Release|x86 = Release|x86
	EndGlobalSection
	GlobalSection(ProjectConfigurationPlatforms) = postSolution
		{0E186DBA-AD8E-40C9-B98F-0F025DEF5351}.Debug|Any CPU.ActiveCfg = Debug|Any CPU
		{0E186DBA-AD8E-40C9-B98F-0F025DEF5351}.Debug|Any CPU.Build.0 = Debug|Any CPU
		{0E186DBA-AD8E-40C9-B98F-0F025DEF5351}.Debug|x64.ActiveCfg = Debug|Any CPU
		{0E186DBA-AD8E-40C9-B98F-0F025DEF5351}.Debug|x64.Build.0 = Debug|Any CPU
		{0E186DBA-AD8E-40C9-B98F-0F025DEF5351}.Debug|x86.ActiveCfg = Debug|Any CPU
		{0E186DBA-AD8E-40C9-B98F-0F025DEF5351}.Debug|x86.Build.0 = Debug|Any CPU
		{0E186DBA-AD8E-40C9-B98F-0F025DEF5351}.Release|Any CPU.ActiveCfg = Release|Any CPU
		{0E186DBA-AD8E-40C9-B98F-0F025DEF5351}.Release|Any CPU.Build.0 = Release|Any CPU
		{0E186DBA-AD8E-40C9-B98F-0F025DEF5351}.Release|x64.ActiveCfg = Release|Any CPU
		{0E186DBA-AD8E-40C9-B98F-0F025DEF5351}.Release|x64.Build.0 = Release|Any CPU
		{0E186DBA-AD8E-40C9-B98F-0F025DEF5351}.Release|x86.ActiveCfg = Release|Any CPU
		{0E186DBA-AD8E-40C9-B98F-0F025DEF5351}.Release|x86.Build.0 = Release|Any CPU
		{77650CF7-E112-4BC7-853E-C0C69855283A}.Debug|Any CPU.ActiveCfg = Debug|Any CPU
		{77650CF7-E112-4BC7-853E-C0C69855283A}.Debug|Any CPU.Build.0 = Debug|Any CPU
		{77650CF7-E112-4BC7-853E-C0C69855283A}.Debug|x64.ActiveCfg = Debug|Any CPU
		{77650CF7-E112-4BC7-853E-C0C69855283A}.Debug|x64.Build.0 = Debug|Any CPU
		{77650CF7-E112-4BC7-853E-C0C69855283A}.Debug|x86.ActiveCfg = Debug|Any CPU
		{77650CF7-E112-4BC7-853E-C0C69855283A}.Debug|x86.Build.0 = Debug|Any CPU
		{77650CF7-E112-4BC7-853E-C0C69855283A}.Release|Any CPU.ActiveCfg = Release|Any CPU
		{77650CF7-E112-4BC7-853E-C0C69855283A}.Release|Any CPU.Build.0 = Release|Any CPU
		{77650CF7-E112-4BC7-853E-C0C69855283A}.Release|x64.ActiveCfg = Release|Any CPU
		{77650CF7-E112-4BC7-853E-C0C69855283A}.Release|x64.Build.0 = Release|Any CPU
		{77650CF7-E112-4BC7-853E-C0C69855283A}.Release|x86.ActiveCfg = Release|Any CPU
		{77650CF7-E112-4BC7-853E-C0C69855283A}.Release|x86.Build.0 = Release|Any CPU
		{99C20C52-238F-4D72-80DD-B205BDA0BE9B}.Debug|Any CPU.ActiveCfg = Debug|Any CPU
		{99C20C52-238F-4D72-80DD-B205BDA0BE9B}.Debug|Any CPU.Build.0 = Debug|Any CPU
		{99C20C52-238F-4D72-80DD-B205BDA0BE9B}.Debug|x64.ActiveCfg = Debug|Any CPU
		{99C20C52-238F-4D72-80DD-B205BDA0BE9B}.Debug|x64.Build.0 = Debug|Any CPU
		{99C20C52-238F-4D72-80DD-B205BDA0BE9B}.Debug|x86.ActiveCfg = Debug|Any CPU
		{99C20C52-238F-4D72-80DD-B205BDA0BE9B}.Debug|x86.Build.0 = Debug|Any CPU
		{99C20C52-238F-4D72-80DD-B205BDA0BE9B}.Release|Any CPU.ActiveCfg = Release|Any CPU
		{99C20C52-238F-4D72-80DD-B205BDA0BE9B}.Release|Any CPU.Build.0 = Release|Any CPU
		{99C20C52-238F-4D72-80DD-B205BDA0BE9B}.Release|x64.ActiveCfg = Release|Any CPU
		{99C20C52-238F-4D72-80DD-B205BDA0BE9B}.Release|x64.Build.0 = Release|Any CPU
		{99C20C52-238F-4D72-80DD-B205BDA0BE9B}.Release|x86.ActiveCfg = Release|Any CPU
		{99C20C52-238F-4D72-80DD-B205BDA0BE9B}.Release|x86.Build.0 = Release|Any CPU
		{7498FF29-E629-44D3-9D85-74880A14FE38}.Debug|Any CPU.ActiveCfg = Debug|Any CPU
		{7498FF29-E629-44D3-9D85-74880A14FE38}.Debug|Any CPU.Build.0 = Debug|Any CPU
		{7498FF29-E629-44D3-9D85-74880A14FE38}.Debug|x64.ActiveCfg = Debug|Any CPU
		{7498FF29-E629-44D3-9D85-74880A14FE38}.Debug|x64.Build.0 = Debug|Any CPU
		{7498FF29-E629-44D3-9D85-74880A14FE38}.Debug|x86.ActiveCfg = Debug|Any CPU
		{7498FF29-E629-44D3-9D85-74880A14FE38}.Debug|x86.Build.0 = Debug|Any CPU
		{7498FF29-E629-44D3-9D85-74880A14FE38}.Release|Any CPU.ActiveCfg = Release|Any CPU
		{7498FF29-E629-44D3-9D85-74880A14FE38}.Release|Any CPU.Build.0 = Release|Any CPU
		{7498FF29-E629-44D3-9D85-74880A14FE38}.Release|x64.ActiveCfg = Release|Any CPU
		{7498FF29-E629-44D3-9D85-74880A14FE38}.Release|x64.Build.0 = Release|Any CPU
		{7498FF29-E629-44D3-9D85-74880A14FE38}.Release|x86.ActiveCfg = Release|Any CPU
		{7498FF29-E629-44D3-9D85-74880A14FE38}.Release|x86.Build.0 = Release|Any CPU
		{D7CEE8C0-28FD-45F6-8EC2-8DF8EE755C08}.Debug|Any CPU.ActiveCfg = Debug|Any CPU
		{D7CEE8C0-28FD-45F6-8EC2-8DF8EE755C08}.Debug|Any CPU.Build.0 = Debug|Any CPU
		{D7CEE8C0-28FD-45F6-8EC2-8DF8EE755C08}.Debug|x64.ActiveCfg = Debug|Any CPU
		{D7CEE8C0-28FD-45F6-8EC2-8DF8EE755C08}.Debug|x64.Build.0 = Debug|Any CPU
		{D7CEE8C0-28FD-45F6-8EC2-8DF8EE755C08}.Debug|x86.ActiveCfg = Debug|Any CPU
		{D7CEE8C0-28FD-45F6-8EC2-8DF8EE755C08}.Debug|x86.Build.0 = Debug|Any CPU
		{D7CEE8C0-28FD-45F6-8EC2-8DF8EE755C08}.Release|Any CPU.ActiveCfg = Release|Any CPU
		{D7CEE8C0-28FD-45F6-8EC2-8DF8EE755C08}.Release|Any CPU.Build.0 = Release|Any CPU
		{D7CEE8C0-28FD-45F6-8EC2-8DF8EE755C08}.Release|x64.ActiveCfg = Release|Any CPU
		{D7CEE8C0-28FD-45F6-8EC2-8DF8EE755C08}.Release|x64.Build.0 = Release|Any CPU
		{D7CEE8C0-28FD-45F6-8EC2-8DF8EE755C08}.Release|x86.ActiveCfg = Release|Any CPU
		{D7CEE8C0-28FD-45F6-8EC2-8DF8EE755C08}.Release|x86.Build.0 = Release|Any CPU
	EndGlobalSection
	GlobalSection(SolutionProperties) = preSolution
		HideSolutionNode = FALSE
	EndGlobalSection
	GlobalSection(ExtensibilityGlobals) = postSolution
		SolutionGuid = {9BE62735-F54C-4BB2-A8E8-AB859A64BAD4}
	EndGlobalSection
EndGlobal
